
Microsoft Visual Studio Solution File, Format Version 12.00
Project("{FAE04EC0-301F-11D3-BF4B-00C04F79EFBC}") = "api", "api.csproj", "{7F413107-918B-4859-9B9F-617637BAB005}"
EndProject
Project("{2150E333-8FDC-42A3-9474-1A3956D46DE8}") = "Solution Items", "Solution Items", "{88C16653-1FDE-4370-865E-A11F2FC2C800}"
	ProjectSection(SolutionItems) = preProject
		compose.yaml = compose.yaml
	EndProjectSection
EndProject
Global
	GlobalSection(SolutionConfigurationPlatforms) = preSolution
		Debug|Any CPU = Debug|Any CPU
		Release|Any CPU = Release|Any CPU
	EndGlobalSection
	GlobalSection(ProjectConfigurationPlatforms) = postSolution
		{7F413107-918B-4859-9B9F-617637BAB005}.Debug|Any CPU.ActiveCfg = Debug|Any CPU
		{7F413107-918B-4859-9B9F-617637BAB005}.Debug|Any CPU.Build.0 = Debug|Any CPU
		{7F413107-918B-4859-9B9F-617637BAB005}.Release|Any CPU.ActiveCfg = Release|Any CPU
		{7F413107-918B-4859-9B9F-617637BAB005}.Release|Any CPU.Build.0 = Release|Any CPU
	EndGlobalSection
EndGlobal
